
Microsoft Visual Studio Solution File, Format Version 12.00
# Visual Studio 2017
Project("{FAE04EC0-301F-11D3-BF4B-00C04F79EFBC}") = "VuforiaProject", "VuforiaProject.csproj", "{733EA204-D400-742D-A0B1-265D92DE85F1}"
EndProject
Project("{FAE04EC0-301F-11D3-BF4B-00C04F79EFBC}") = "VuforiaProject.Editor", "VuforiaProject.Editor.csproj", "{EE31D8D1-C76B-7863-A446-37B38B1FCAF6}"
EndProject
Global
	GlobalSection(SolutionConfigurationPlatforms) = preSolution
		Debug|Any CPU = Debug|Any CPU
		Release|Any CPU = Release|Any CPU
	EndGlobalSection
	GlobalSection(ProjectConfigurationPlatforms) = postSolution
		{733EA204-D400-742D-A0B1-265D92DE85F1}.Debug|Any CPU.ActiveCfg = Debug|Any CPU
		{733EA204-D400-742D-A0B1-265D92DE85F1}.Debug|Any CPU.Build.0 = Debug|Any CPU
		{733EA204-D400-742D-A0B1-265D92DE85F1}.Release|Any CPU.ActiveCfg = Release|Any CPU
		{733EA204-D400-742D-A0B1-265D92DE85F1}.Release|Any CPU.Build.0 = Release|Any CPU
		{EE31D8D1-C76B-7863-A446-37B38B1FCAF6}.Debug|Any CPU.ActiveCfg = Debug|Any CPU
		{EE31D8D1-C76B-7863-A446-37B38B1FCAF6}.Debug|Any CPU.Build.0 = Debug|Any CPU
		{EE31D8D1-C76B-7863-A446-37B38B1FCAF6}.Release|Any CPU.ActiveCfg = Release|Any CPU
		{EE31D8D1-C76B-7863-A446-37B38B1FCAF6}.Release|Any CPU.Build.0 = Release|Any CPU
	EndGlobalSection
	GlobalSection(SolutionProperties) = preSolution
		HideSolutionNode = FALSE
	EndGlobalSection
EndGlobal
